// !$*UTF8*$!
{
	archiveVersion = 1;
	classes = {
	};
	objectVersion = 55;
	objects = {

/* Begin PBXBuildFile section */
		D73B3061283D2E1300F2C26C /* AppDelegate.swift in Sources */ = {isa = PBXBuildFile; fileRef = D73B3060283D2E1300F2C26C /* AppDelegate.swift */; };
		D73B3063283D2E1300F2C26C /* SceneDelegate.swift in Sources */ = {isa = PBXBuildFile; fileRef = D73B3062283D2E1300F2C26C /* SceneDelegate.swift */; };
		D73B3068283D2E1300F2C26C /* Main.storyboard in Resources */ = {isa = PBXBuildFile; fileRef = D73B3066283D2E1300F2C26C /* Main.storyboard */; };
		D73B306A283D2E1600F2C26C /* Assets.xcassets in Resources */ = {isa = PBXBuildFile; fileRef = D73B3069283D2E1600F2C26C /* Assets.xcassets */; };
		D73B306D283D2E1600F2C26C /* LaunchScreen.storyboard in Resources */ = {isa = PBXBuildFile; fileRef = D73B306B283D2E1600F2C26C /* LaunchScreen.storyboard */; };
		D73B3077283D2F8800F2C26C /* Endpoint.swift in Sources */ = {isa = PBXBuildFile; fileRef = D73B3076283D2F8800F2C26C /* Endpoint.swift */; };
		D73B3079283D2FC400F2C26C /* APIManager.swift in Sources */ = {isa = PBXBuildFile; fileRef = D73B3078283D2FC400F2C26C /* APIManager.swift */; };
		D73B307C283D304200F2C26C /* UnsplashEndpoint.swift in Sources */ = {isa = PBXBuildFile; fileRef = D73B307B283D304200F2C26C /* UnsplashEndpoint.swift */; };
		D73B307F283D308700F2C26C /* SearchResponse.swift in Sources */ = {isa = PBXBuildFile; fileRef = D73B307E283D308700F2C26C /* SearchResponse.swift */; };
		D73B3085283D30E200F2C26C /* SearchViewController.swift in Sources */ = {isa = PBXBuildFile; fileRef = D73B3084283D30E200F2C26C /* SearchViewController.swift */; };
		D73B308D283D391600F2C26C /* PhotosCollectionViewCell.swift in Sources */ = {isa = PBXBuildFile; fileRef = D73B308B283D391600F2C26C /* PhotosCollectionViewCell.swift */; };
		D73B308E283D391600F2C26C /* PhotosCollectionViewCell.xib in Resources */ = {isa = PBXBuildFile; fileRef = D73B308C283D391600F2C26C /* PhotosCollectionViewCell.xib */; };
		D73B3090283D3E1800F2C26C /* HomeViewController.swift in Sources */ = {isa = PBXBuildFile; fileRef = D73B308F283D3E1800F2C26C /* HomeViewController.swift */; };
/* End PBXBuildFile section */

/* Begin PBXFileReference section */
		D73B305D283D2E1300F2C26C /* PenguininTask.app */ = {isa = PBXFileReference; explicitFileType = wrapper.application; includeInIndex = 0; path = PenguininTask.app; sourceTree = BUILT_PRODUCTS_DIR; };
		D73B3060283D2E1300F2C26C /* AppDelegate.swift */ = {isa = PBXFileReference; lastKnownFileType = sourcecode.swift; path = AppDelegate.swift; sourceTree = "<group>"; };
		D73B3062283D2E1300F2C26C /* SceneDelegate.swift */ = {isa = PBXFileReference; lastKnownFileType = sourcecode.swift; path = SceneDelegate.swift; sourceTree = "<group>"; };
		D73B3067283D2E1300F2C26C /* Base */ = {isa = PBXFileReference; lastKnownFileType = file.storyboard; name = Base; path = Base.lproj/Main.storyboard; sourceTree = "<group>"; };
		D73B3069283D2E1600F2C26C /* Assets.xcassets */ = {isa = PBXFileReference; lastKnownFileType = folder.assetcatalog; path = Assets.xcassets; sourceTree = "<group>"; };
		D73B306C283D2E1600F2C26C /* Base */ = {isa = PBXFileReference; lastKnownFileType = file.storyboard; name = Base; path = Base.lproj/LaunchScreen.storyboard; sourceTree = "<group>"; };
		D73B306E283D2E1600F2C26C /* Info.plist */ = {isa = PBXFileReference; lastKnownFileType = text.plist.xml; path = Info.plist; sourceTree = "<group>"; };
		D73B3076283D2F8800F2C26C /* Endpoint.swift */ = {isa = PBXFileReference; lastKnownFileType = sourcecode.swift; path = Endpoint.swift; sourceTree = "<group>"; };
		D73B3078283D2FC400F2C26C /* APIManager.swift */ = {isa = PBXFileReference; lastKnownFileType = sourcecode.swift; path = APIManager.swift; sourceTree = "<group>"; };
		D73B307B283D304200F2C26C /* UnsplashEndpoint.swift */ = {isa = PBXFileReference; lastKnownFileType = sourcecode.swift; path = UnsplashEndpoint.swift; sourceTree = "<group>"; };
		D73B307E283D308700F2C26C /* SearchResponse.swift */ = {isa = PBXFileReference; lastKnownFileType = sourcecode.swift; path = SearchResponse.swift; sourceTree = "<group>"; };
		D73B3084283D30E200F2C26C /* SearchViewController.swift */ = {isa = PBXFileReference; lastKnownFileType = sourcecode.swift; path = SearchViewController.swift; sourceTree = "<group>"; };
		D73B308B283D391600F2C26C /* PhotosCollectionViewCell.swift */ = {isa = PBXFileReference; lastKnownFileType = sourcecode.swift; path = PhotosCollectionViewCell.swift; sourceTree = "<group>"; };
		D73B308C283D391600F2C26C /* PhotosCollectionViewCell.xib */ = {isa = PBXFileReference; lastKnownFileType = file.xib; path = PhotosCollectionViewCell.xib; sourceTree = "<group>"; };
		D73B308F283D3E1800F2C26C /* HomeViewController.swift */ = {isa = PBXFileReference; lastKnownFileType = sourcecode.swift; path = HomeViewController.swift; sourceTree = "<group>"; };
/* End PBXFileReference section */

/* Begin PBXFrameworksBuildPhase section */
		D73B305A283D2E1300F2C26C /* Frameworks */ = {
			isa = PBXFrameworksBuildPhase;
			buildActionMask = 2147483647;
			files = (
			);
			runOnlyForDeploymentPostprocessing = 0;
		};
/* End PBXFrameworksBuildPhase section */

/* Begin PBXGroup section */
		D73B3054283D2E1300F2C26C = {
			isa = PBXGroup;
			children = (
				D73B305F283D2E1300F2C26C /* PenguininTask */,
				D73B305E283D2E1300F2C26C /* Products */,
			);
			sourceTree = "<group>";
		};
		D73B305E283D2E1300F2C26C /* Products */ = {
			isa = PBXGroup;
			children = (
				D73B305D283D2E1300F2C26C /* PenguininTask.app */,
			);
			name = Products;
			sourceTree = "<group>";
		};
		D73B305F283D2E1300F2C26C /* PenguininTask */ = {
			isa = PBXGroup;
			children = (
				D73B3086283D353D00F2C26C /* Views */,
				D73B3080283D309C00F2C26C /* Controllers */,
				D73B307D283D306E00F2C26C /* Model */,
				D73B3074283D2F4A00F2C26C /* Managers */,
				D73B3060283D2E1300F2C26C /* AppDelegate.swift */,
				D73B3062283D2E1300F2C26C /* SceneDelegate.swift */,
				D73B3066283D2E1300F2C26C /* Main.storyboard */,
				D73B3069283D2E1600F2C26C /* Assets.xcassets */,
				D73B306B283D2E1600F2C26C /* LaunchScreen.storyboard */,
				D73B306E283D2E1600F2C26C /* Info.plist */,
			);
			path = PenguininTask;
			sourceTree = "<group>";
		};
		D73B3074283D2F4A00F2C26C /* Managers */ = {
			isa = PBXGroup;
			children = (
				D73B3078283D2FC400F2C26C /* APIManager.swift */,
				D73B3075283D2F6200F2C26C /* Endpoint */,
			);
			path = Managers;
			sourceTree = "<group>";
		};
		D73B3075283D2F6200F2C26C /* Endpoint */ = {
			isa = PBXGroup;
			children = (
				D73B3076283D2F8800F2C26C /* Endpoint.swift */,
				D73B307B283D304200F2C26C /* UnsplashEndpoint.swift */,
			);
			path = Endpoint;
			sourceTree = "<group>";
		};
		D73B307D283D306E00F2C26C /* Model */ = {
			isa = PBXGroup;
			children = (
				D73B307E283D308700F2C26C /* SearchResponse.swift */,
			);
			path = Model;
			sourceTree = "<group>";
		};
		D73B3080283D309C00F2C26C /* Controllers */ = {
			isa = PBXGroup;
			children = (
				D73B3084283D30E200F2C26C /* SearchViewController.swift */,
				D73B308F283D3E1800F2C26C /* HomeViewController.swift */,
			);
			path = Controllers;
			sourceTree = "<group>";
		};
		D73B3086283D353D00F2C26C /* Views */ = {
			isa = PBXGroup;
			children = (
				D73B308B283D391600F2C26C /* PhotosCollectionViewCell.swift */,
				D73B308C283D391600F2C26C /* PhotosCollectionViewCell.xib */,
			);
			path = Views;
			sourceTree = "<group>";
		};
/* End PBXGroup section */

/* Begin PBXNativeTarget section */
		D73B305C283D2E1300F2C26C /* PenguininTask */ = {
			isa = PBXNativeTarget;
			buildConfigurationList = D73B3071283D2E1600F2C26C /* Build configuration list for PBXNativeTarget "PenguininTask" */;
			buildPhases = (
				D73B3059283D2E1300F2C26C /* Sources */,
				D73B305A283D2E1300F2C26C /* Frameworks */,
				D73B305B283D2E1300F2C26C /* Resources */,
			);
			buildRules = (
			);
			dependencies = (
			);
			name = PenguininTask;
			productName = PenguininTask;
			productReference = D73B305D283D2E1300F2C26C /* PenguininTask.app */;
			productType = "com.apple.product-type.application";
		};
/* End PBXNativeTarget section */

/* Begin PBXProject section */
		D73B3055283D2E1300F2C26C /* Project object */ = {
			isa = PBXProject;
			attributes = {
				BuildIndependentTargetsInParallel = 1;
				LastSwiftUpdateCheck = 1300;
				LastUpgradeCheck = 1300;
				TargetAttributes = {
					D73B305C283D2E1300F2C26C = {
						CreatedOnToolsVersion = 13.0;
					};
				};
			};
			buildConfigurationList = D73B3058283D2E1300F2C26C /* Build configuration list for PBXProject "PenguininTask" */;
			compatibilityVersion = "Xcode 13.0";
			developmentRegion = en;
			hasScannedForEncodings = 0;
			knownRegions = (
				en,
				Base,
			);
			mainGroup = D73B3054283D2E1300F2C26C;
			productRefGroup = D73B305E283D2E1300F2C26C /* Products */;
			projectDirPath = "";
			projectRoot = "";
			targets = (
				D73B305C283D2E1300F2C26C /* PenguininTask */,
			);
		};
/* End PBXProject section */

/* Begin PBXResourcesBuildPhase section */
		D73B305B283D2E1300F2C26C /* Resources */ = {
			isa = PBXResourcesBuildPhase;
			buildActionMask = 2147483647;
			files = (
				D73B306D283D2E1600F2C26C /* LaunchScreen.storyboard in Resources */,
				D73B308E283D391600F2C26C /* PhotosCollectionViewCell.xib in Resources */,
				D73B306A283D2E1600F2C26C /* Assets.xcassets in Resources */,
				D73B3068283D2E1300F2C26C /* Main.storyboard in Resources */,
			);
			runOnlyForDeploymentPostprocessing = 0;
		};
/* End PBXResourcesBuildPhase section */

/* Begin PBXSourcesBuildPhase section */
		D73B3059283D2E1300F2C26C /* Sources */ = {
			isa = PBXSourcesBuildPhase;
			buildActionMask = 2147483647;
			files = (
				D73B3079283D2FC400F2C26C /* APIManager.swift in Sources */,
				D73B307C283D304200F2C26C /* UnsplashEndpoint.swift in Sources */,
				D73B308D283D391600F2C26C /* PhotosCollectionViewCell.swift in Sources */,
				D73B3085283D30E200F2C26C /* SearchViewController.swift in Sources */,
				D73B307F283D308700F2C26C /* SearchResponse.swift in Sources */,
				D73B3090283D3E1800F2C26C /* HomeViewController.swift in Sources */,
				D73B3061283D2E1300F2C26C /* AppDelegate.swift in Sources */,
				D73B3077283D2F8800F2C26C /* Endpoint.swift in Sources */,
				D73B3063283D2E1300F2C26C /* SceneDelegate.swift in Sources */,
			);
			runOnlyForDeploymentPostprocessing = 0;
		};
/* End PBXSourcesBuildPhase section */

/* Begin PBXVariantGroup section */
		D73B3066283D2E1300F2C26C /* Main.storyboard */ = {
			isa = PBXVariantGroup;
			children = (
				D73B3067283D2E1300F2C26C /* Base */,
			);
			name = Main.storyboard;
			sourceTree = "<group>";
		};
		D73B306B283D2E1600F2C26C /* LaunchScreen.storyboard */ = {
			isa = PBXVariantGroup;
			children = (
				D73B306C283D2E1600F2C26C /* Base */,
			);
			name = LaunchScreen.storyboard;
			sourceTree = "<group>";
		};
/* End PBXVariantGroup section */

/* Begin XCBuildConfiguration section */
		D73B306F283D2E1600F2C26C /* Debug */ = {
			isa = XCBuildConfiguration;
			buildSettings = {
				ALWAYS_SEARCH_USER_PATHS = NO;
				CLANG_ANALYZER_NONNULL = YES;
				CLANG_ANALYZER_NUMBER_OBJECT_CONVERSION = YES_AGGRESSIVE;
				CLANG_CXX_LANGUAGE_STANDARD = "gnu++17";
				CLANG_CXX_LIBRARY = "libc++";
				CLANG_ENABLE_MODULES = YES;
				CLANG_ENABLE_OBJC_ARC = YES;
				CLANG_ENABLE_OBJC_WEAK = YES;
				CLANG_WARN_BLOCK_CAPTURE_AUTORELEASING = YES;
				CLANG_WARN_BOOL_CONVERSION = YES;
				CLANG_WARN_COMMA = YES;
				CLANG_WARN_CONSTANT_CONVERSION = YES;
				CLANG_WARN_DEPRECATED_OBJC_IMPLEMENTATIONS = YES;
				CLANG_WARN_DIRECT_OBJC_ISA_USAGE = YES_ERROR;
				CLANG_WARN_DOCUMENTATION_COMMENTS = YES;
				CLANG_WARN_EMPTY_BODY = YES;
				CLANG_WARN_ENUM_CONVERSION = YES;
				CLANG_WARN_INFINITE_RECURSION = YES;
				CLANG_WARN_INT_CONVERSION = YES;
				CLANG_WARN_NON_LITERAL_NULL_CONVERSION = YES;
				CLANG_WARN_OBJC_IMPLICIT_RETAIN_SELF = YES;
				CLANG_WARN_OBJC_LITERAL_CONVERSION = YES;
				CLANG_WARN_OBJC_ROOT_CLASS = YES_ERROR;
				CLANG_WARN_QUOTED_INCLUDE_IN_FRAMEWORK_HEADER = YES;
				CLANG_WARN_RANGE_LOOP_ANALYSIS = YES;
				CLANG_WARN_STRICT_PROTOTYPES = YES;
				CLANG_WARN_SUSPICIOUS_MOVE = YES;
				CLANG_WARN_UNGUARDED_AVAILABILITY = YES_AGGRESSIVE;
				CLANG_WARN_UNREACHABLE_CODE = YES;
				CLANG_WARN__DUPLICATE_METHOD_MATCH = YES;
				COPY_PHASE_STRIP = NO;
				DEBUG_INFORMATION_FORMAT = dwarf;
				ENABLE_STRICT_OBJC_MSGSEND = YES;
				ENABLE_TESTABILITY = YES;
				GCC_C_LANGUAGE_STANDARD = gnu11;
				GCC_DYNAMIC_NO_PIC = NO;
				GCC_NO_COMMON_BLOCKS = YES;
				GCC_OPTIMIZATION_LEVEL = 0;
				GCC_PREPROCESSOR_DEFINITIONS = (
					"DEBUG=1",
					"$(inherited)",
				);
				GCC_WARN_64_TO_32_BIT_CONVERSION = YES;
				GCC_WARN_ABOUT_RETURN_TYPE = YES_ERROR;
				GCC_WARN_UNDECLARED_SELECTOR = YES;
				GCC_WARN_UNINITIALIZED_AUTOS = YES_AGGRESSIVE;
				GCC_WARN_UNUSED_FUNCTION = YES;
				GCC_WARN_UNUSED_VARIABLE = YES;
				IPHONEOS_DEPLOYMENT_TARGET = 15.0;
				MTL_ENABLE_DEBUG_INFO = INCLUDE_SOURCE;
				MTL_FAST_MATH = YES;
				ONLY_ACTIVE_ARCH = YES;
				SDKROOT = iphoneos;
				SWIFT_ACTIVE_COMPILATION_CONDITIONS = DEBUG;
				SWIFT_OPTIMIZATION_LEVEL = "-Onone";
			};
			name = Debug;
		};
		D73B3070283D2E1600F2C26C /* Release */ = {
			isa = XCBuildConfiguration;
			buildSettings = {
				ALWAYS_SEARCH_USER_PATHS = NO;
				CLANG_ANALYZER_NONNULL = YES;
				CLANG_ANALYZER_NUMBER_OBJECT_CONVERSION = YES_AGGRESSIVE;
				CLANG_CXX_LANGUAGE_STANDARD = "gnu++17";
				CLANG_CXX_LIBRARY = "libc++";
				CLANG_ENABLE_MODULES = YES;
				CLANG_ENABLE_OBJC_ARC = YES;
				CLANG_ENABLE_OBJC_WEAK = YES;
				CLANG_WARN_BLOCK_CAPTURE_AUTORELEASING = YES;
				CLANG_WARN_BOOL_CONVERSION = YES;
				CLANG_WARN_COMMA = YES;
				CLANG_WARN_CONSTANT_CONVERSION = YES;
				CLANG_WARN_DEPRECATED_OBJC_IMPLEMENTATIONS = YES;
				CLANG_WARN_DIRECT_OBJC_ISA_USAGE = YES_ERROR;
				CLANG_WARN_DOCUMENTATION_COMMENTS = YES;
				CLANG_WARN_EMPTY_BODY = YES;
				CLANG_WARN_ENUM_CONVERSION = YES;
				CLANG_WARN_INFINITE_RECURSION = YES;
				CLANG_WARN_INT_CONVERSION = YES;
				CLANG_WARN_NON_LITERAL_NULL_CONVERSION = YES;
				CLANG_WARN_OBJC_IMPLICIT_RETAIN_SELF = YES;
				CLANG_WARN_OBJC_LITERAL_CONVERSION = YES;
				CLANG_WARN_OBJC_ROOT_CLASS = YES_ERROR;
				CLANG_WARN_QUOTED_INCLUDE_IN_FRAMEWORK_HEADER = YES;
				CLANG_WARN_RANGE_LOOP_ANALYSIS = YES;
				CLANG_WARN_STRICT_PROTOTYPES = YES;
				CLANG_WARN_SUSPICIOUS_MOVE = YES;
				CLANG_WARN_UNGUARDED_AVAILABILITY = YES_AGGRESSIVE;
				CLANG_WARN_UNREACHABLE_CODE = YES;
				CLANG_WARN__DUPLICATE_METHOD_MATCH = YES;
				COPY_PHASE_STRIP = NO;
				DEBUG_INFORMATION_FORMAT = "dwarf-with-dsym";
				ENABLE_NS_ASSERTIONS = NO;
				ENABLE_STRICT_OBJC_MSGSEND = YES;
				GCC_C_LANGUAGE_STANDARD = gnu11;
				GCC_NO_COMMON_BLOCKS = YES;
				GCC_WARN_64_TO_32_BIT_CONVERSION = YES;
				GCC_WARN_ABOUT_RETURN_TYPE = YES_ERROR;
				GCC_WARN_UNDECLARED_SELECTOR = YES;
				GCC_WARN_UNINITIALIZED_AUTOS = YES_AGGRESSIVE;
				GCC_WARN_UNUSED_FUNCTION = YES;
				GCC_WARN_UNUSED_VARIABLE = YES;
				IPHONEOS_DEPLOYMENT_TARGET = 15.0;
				MTL_ENABLE_DEBUG_INFO = NO;
				MTL_FAST_MATH = YES;
				SDKROOT = iphoneos;
				SWIFT_COMPILATION_MODE = wholemodule;
				SWIFT_OPTIMIZATION_LEVEL = "-O";
				VALIDATE_PRODUCT = YES;
			};
			name = Release;
		};
		D73B3072283D2E1600F2C26C /* Debug */ = {
			isa = XCBuildConfiguration;
			buildSettings = {
				ASSETCATALOG_COMPILER_APPICON_NAME = AppIcon;
				ASSETCATALOG_COMPILER_GLOBAL_ACCENT_COLOR_NAME = AccentColor;
				CODE_SIGN_STYLE = Automatic;
				CURRENT_PROJECT_VERSION = 1;
				GENERATE_INFOPLIST_FILE = YES;
				INFOPLIST_FILE = PenguininTask/Info.plist;
				INFOPLIST_KEY_UIApplicationSupportsIndirectInputEvents = YES;
				INFOPLIST_KEY_UILaunchStoryboardName = LaunchScreen;
				INFOPLIST_KEY_UIMainStoryboardFile = Main;
				INFOPLIST_KEY_UISupportedInterfaceOrientations_iPad = "UIInterfaceOrientationPortrait UIInterfaceOrientationPortraitUpsideDown UIInterfaceOrientationLandscapeLeft UIInterfaceOrientationLandscapeRight";
				INFOPLIST_KEY_UISupportedInterfaceOrientations_iPhone = "UIInterfaceOrientationPortrait UIInterfaceOrientationLandscapeLeft UIInterfaceOrientationLandscapeRight";
				IPHONEOS_DEPLOYMENT_TARGET = 14.0;
				LD_RUNPATH_SEARCH_PATHS = (
					"$(inherited)",
					"@executable_path/Frameworks",
				);
				MARKETING_VERSION = 1.0;
				PRODUCT_BUNDLE_IDENTIFIER = Test.PenguininTask;
				PRODUCT_NAME = "$(TARGET_NAME)";
				SWIFT_EMIT_LOC_STRINGS = YES;
				SWIFT_VERSION = 5.0;
				TARGETED_DEVICE_FAMILY = 1;
			};
			name = Debug;
		};
		D73B3073283D2E1600F2C26C /* Release */ = {
			isa = XCBuildConfiguration;
			buildSettings = {
				ASSETCATALOG_COMPILER_APPICON_NAME = AppIcon;
				ASSETCATALOG_COMPILER_GLOBAL_ACCENT_COLOR_NAME = AccentColor;
				CODE_SIGN_STYLE = Automatic;
				CURRENT_PROJECT_VERSION = 1;
				GENERATE_INFOPLIST_FILE = YES;
				INFOPLIST_FILE = PenguininTask/Info.plist;
				INFOPLIST_KEY_UIApplicationSupportsIndirectInputEvents = YES;
				INFOPLIST_KEY_UILaunchStoryboardName = LaunchScreen;
				INFOPLIST_KEY_UIMainStoryboardFile = Main;
				INFOPLIST_KEY_UISupportedInterfaceOrientations_iPad = "UIInterfaceOrientationPortrait UIInterfaceOrientationPortraitUpsideDown UIInterfaceOrientationLandscapeLeft UIInterfaceOrientationLandscapeRight";
				INFOPLIST_KEY_UISupportedInterfaceOrientations_iPhone = "UIInterfaceOrientationPortrait UIInterfaceOrientationLandscapeLeft UIInterfaceOrientationLandscapeRight";
				IPHONEOS_DEPLOYMENT_TARGET = 14.0;
				LD_RUNPATH_SEARCH_PATHS = (
					"$(inherited)",
					"@executable_path/Frameworks",
				);
				MARKETING_VERSION = 1.0;
				PRODUCT_BUNDLE_IDENTIFIER = Test.PenguininTask;
				PRODUCT_NAME = "$(TARGET_NAME)";
				SWIFT_EMIT_LOC_STRINGS = YES;
				SWIFT_VERSION = 5.0;
				TARGETED_DEVICE_FAMILY = 1;
			};
			name = Release;
		};
/* End XCBuildConfiguration section */

/* Begin XCConfigurationList section */
		D73B3058283D2E1300F2C26C /* Build configuration list for PBXProject "PenguininTask" */ = {
			isa = XCConfigurationList;
			buildConfigurations = (
				D73B306F283D2E1600F2C26C /* Debug */,
				D73B3070283D2E1600F2C26C /* Release */,
			);
			defaultConfigurationIsVisible = 0;
			defaultConfigurationName = Release;
		};
		D73B3071283D2E1600F2C26C /* Build configuration list for PBXNativeTarget "PenguininTask" */ = {
			isa = XCConfigurationList;
			buildConfigurations = (
				D73B3072283D2E1600F2C26C /* Debug */,
				D73B3073283D2E1600F2C26C /* Release */,
			);
			defaultConfigurationIsVisible = 0;
			defaultConfigurationName = Release;
		};
/* End XCConfigurationList section */
	};
	rootObject = D73B3055283D2E1300F2C26C /* Project object */;
}
